
Microsoft Visual Studio Solution File, Format Version 12.00
# Visual Studio Version 16
VisualStudioVersion = 16.0.29920.165
MinimumVisualStudioVersion = 10.0.40219.1
Project("{9A19103F-16F7-4668-BE54-9A1E7A4F7556}") = "TestProje", "TestProje.csproj", "{5DBDE0C7-7A9B-47DF-A1DD-C5798C7EE115}"
EndProject
Global
	GlobalSection(SolutionConfigurationPlatforms) = preSolution
		Debug|Any CPU = Debug|Any CPU
		Release|Any CPU = Release|Any CPU
	EndGlobalSection
	GlobalSection(ProjectConfigurationPlatforms) = postSolution
		{5DBDE0C7-7A9B-47DF-A1DD-C5798C7EE115}.Debug|Any CPU.ActiveCfg = Debug|Any CPU
		{5DBDE0C7-7A9B-47DF-A1DD-C5798C7EE115}.Debug|Any CPU.Build.0 = Debug|Any CPU
		{5DBDE0C7-7A9B-47DF-A1DD-C5798C7EE115}.Release|Any CPU.ActiveCfg = Release|Any CPU
		{5DBDE0C7-7A9B-47DF-A1DD-C5798C7EE115}.Release|Any CPU.Build.0 = Release|Any CPU
	EndGlobalSection
	GlobalSection(SolutionProperties) = preSolution
		HideSolutionNode = FALSE
	EndGlobalSection
	GlobalSection(ExtensibilityGlobals) = postSolution
		SolutionGuid = {CC62E235-56E1-4C8D-B553-52CAEDC4C0A5}
	EndGlobalSection
EndGlobal
